
Microsoft Visual Studio Solution File, Format Version 12.00
# Visual Studio Version 16
VisualStudioVersion = 16.0.31321.278
MinimumVisualStudioVersion = 10.0.40219.1
Project("{FAE04EC0-301F-11D3-BF4B-00C04F79EFBC}") = "FastTrackFront", "FastTrackFront.csproj", "{F9A32503-7BC6-470E-9152-2B60E5435710}"
EndProject
Global
	GlobalSection(SolutionConfigurationPlatforms) = preSolution
		Debug|Any CPU = Debug|Any CPU
		Release|Any CPU = Release|Any CPU
	EndGlobalSection
	GlobalSection(ProjectConfigurationPlatforms) = postSolution
		{F9A32503-7BC6-470E-9152-2B60E5435710}.Debug|Any CPU.ActiveCfg = Debug|Any CPU
		{F9A32503-7BC6-470E-9152-2B60E5435710}.Debug|Any CPU.Build.0 = Debug|Any CPU
		{F9A32503-7BC6-470E-9152-2B60E5435710}.Release|Any CPU.ActiveCfg = Release|Any CPU
		{F9A32503-7BC6-470E-9152-2B60E5435710}.Release|Any CPU.Build.0 = Release|Any CPU
	EndGlobalSection
	GlobalSection(SolutionProperties) = preSolution
		HideSolutionNode = FALSE
	EndGlobalSection
	GlobalSection(ExtensibilityGlobals) = postSolution
		SolutionGuid = {0D42C87C-4033-45A9-91DB-DB48FB85072B}
	EndGlobalSection
EndGlobal
